{
  "name": "@rxdi/ui-kit",
  "version": "0.0.0",
  "lockfileVersion": 1,
  "requires": true,
  "dependencies": {
    "@rxdi/core": {
      "version": "0.7.24",
      "resolved": "https://registry.npmjs.org/@rxdi/core/-/core-0.7.24.tgz",
      "integrity": "sha512-Z7t3/GUvO1Kz4CLnPcYDTUsqnViX/I8v0ATfYdKeegVTMK4266JHCzz3gm6GL8n2tvTKF0/VOqGurQHPoWXpwA==",
      "dev": true,
      "requires": {
        "reflect-metadata": "0.1.13",
        "rxjs": "6.5.2",
        "systemjs": "0.21.4"
      }
    },
    "@rxdi/lit-html": {
      "version": "0.7.24",
      "resolved": "https://registry.npmjs.org/@rxdi/lit-html/-/lit-html-0.7.24.tgz",
      "integrity": "sha512-Musgu8mLRoPlaG/7X0jU7+z4QwmLxQeWBLhwzvQCHAYLCAKFH/HDMOMbxla17qoIh8nDvxIzVHdQ5m5s5LGPdA==",
      "dev": true
    },
    "@rxdi/router": {
      "version": "0.7.24",
      "resolved": "https://registry.npmjs.org/@rxdi/router/-/router-0.7.24.tgz",
      "integrity": "sha512-igPM6jgradFwduE7mSrgr+7TiGzXBjlqBiknmV3JCmT8r6rBWBnH1pfHPASVBhdgn/puLPpZ0MTcvQz2mzp7TA==",
      "dev": true,
      "requires": {
        "@vaadin/router": "^1.2.0"
      }
    },
    "@types/js-yaml": {
      "version": "3.12.1",
      "resolved": "https://registry.npmjs.org/@types/js-yaml/-/js-yaml-3.12.1.tgz",
      "integrity": "sha512-SGGAhXLHDx+PK4YLNcNGa6goPf9XRWQNAUUbffkwVGGXIxmDKWyGGL4inzq2sPmExu431Ekb9aEMn9BkPqEYFA==",
      "dev": true
    },
    "@types/marked": {
      "version": "0.6.5",
      "resolved": "https://registry.npmjs.org/@types/marked/-/marked-0.6.5.tgz",
      "integrity": "sha512-6kBKf64aVfx93UJrcyEZ+OBM5nGv4RLsI6sR1Ar34bpgvGVRoyTgpxn4ZmtxOM5aDTAaaznYuYUH8bUX3Nk3YA==",
      "dev": true
    },
    "@types/node": {
      "version": "12.7.12",
      "resolved": "https://registry.npmjs.org/@types/node/-/node-12.7.12.tgz",
      "integrity": "sha512-KPYGmfD0/b1eXurQ59fXD1GBzhSQfz6/lKBxkaHX9dKTzjXbK68Zt7yGUxUsCS1jeTy/8aL+d9JEr+S54mpkWQ==",
      "dev": true
    },
    "@vaadin/router": {
      "version": "1.5.0",
      "resolved": "https://registry.npmjs.org/@vaadin/router/-/router-1.5.0.tgz",
      "integrity": "sha512-MWrmkTuBBTT7NM+kNloYOJn/LYEft7cowU3K+EnXWisq3q2O7xgXhl3Ni2nC0pSMs8Gx470LAXfz3wCmqC7Hpw==",
      "dev": true,
      "requires": {
        "@vaadin/vaadin-usage-statistics": "^2.0.8",
        "path-to-regexp": "2.4.0"
      }
    },
    "@vaadin/vaadin-development-mode-detector": {
      "version": "2.0.4",
      "resolved": "https://registry.npmjs.org/@vaadin/vaadin-development-mode-detector/-/vaadin-development-mode-detector-2.0.4.tgz",
      "integrity": "sha512-S+PaFrZpK8uBIOnIHxjntTrgumd5ztuCnZww96ydGKXgo9whXfZsbMwDuD/102a/IuPUMyF+dh/n3PbWzJ6igA==",
      "dev": true
    },
    "@vaadin/vaadin-usage-statistics": {
      "version": "2.0.11",
      "resolved": "https://registry.npmjs.org/@vaadin/vaadin-usage-statistics/-/vaadin-usage-statistics-2.0.11.tgz",
      "integrity": "sha512-6isKfOQnb6BSj181nehId4w8SOUKDLNcNza1RKdiNGgnOlqjZx/p4+FbJS9PQ4q0lwP1/TQa3Vx7SAWdoVfNOQ==",
      "dev": true,
      "requires": {
        "@vaadin/vaadin-development-mode-detector": "^2.0.0"
      }
    },
    "argparse": {
      "version": "1.0.10",
      "resolved": "https://registry.npmjs.org/argparse/-/argparse-1.0.10.tgz",
      "integrity": "sha512-o5Roy6tNG4SL/FOkCAN6RzjiakZS25RLYFrcMttJqbdd8BWrnA+fGz57iN5Pb06pvBGvl5gQ0B48dJlslXvoTg==",
      "requires": {
        "sprintf-js": "~1.0.2"
      }
    },
    "esprima": {
      "version": "4.0.1",
      "resolved": "https://registry.npmjs.org/esprima/-/esprima-4.0.1.tgz",
      "integrity": "sha512-eGuFFw7Upda+g4p+QHvnW0RyTX/SVeJBDM/gCtMARO0cLuT2HcEKnTPvhjV6aGeqrCB/sbNop0Kszm0jsaWU4A=="
    },
    "js-yaml": {
      "version": "3.13.1",
      "resolved": "https://registry.npmjs.org/js-yaml/-/js-yaml-3.13.1.tgz",
      "integrity": "sha512-YfbcO7jXDdyj0DGxYVSlSeQNHbD7XPWvrVWeVUujrQEoZzWJIRrCPoyk6kL6IAjAG2IolMK4T0hNUe0HOUs5Jw==",
      "requires": {
        "argparse": "^1.0.7",
        "esprima": "^4.0.0"
      }
    },
    "marked": {
      "version": "0.6.3",
      "resolved": "https://registry.npmjs.org/marked/-/marked-0.6.3.tgz",
      "integrity": "sha512-Fqa7eq+UaxfMriqzYLayfqAE40WN03jf+zHjT18/uXNuzjq3TY0XTbrAoPeqSJrAmPz11VuUA+kBPYOhHt9oOQ=="
    },
    "path-to-regexp": {
      "version": "2.4.0",
      "resolved": "https://registry.npmjs.org/path-to-regexp/-/path-to-regexp-2.4.0.tgz",
      "integrity": "sha512-G6zHoVqC6GGTQkZwF4lkuEyMbVOjoBKAEybQUypI1WTkqinCOrq2x6U2+phkJ1XsEMTy4LjtwPI7HW+NVrRR2w==",
      "dev": true
    },
    "reflect-metadata": {
      "version": "0.1.13",
      "resolved": "https://registry.npmjs.org/reflect-metadata/-/reflect-metadata-0.1.13.tgz",
      "integrity": "sha512-Ts1Y/anZELhSsjMcU605fU9RE4Oi3p5ORujwbIKXfWa+0Zxs510Qrmrce5/Jowq3cHSZSJqBjypxmHarc+vEWg==",
      "dev": true
    },
    "rxjs": {
      "version": "6.5.2",
      "resolved": "https://registry.npmjs.org/rxjs/-/rxjs-6.5.2.tgz",
      "integrity": "sha512-HUb7j3kvb7p7eCUHE3FqjoDsC1xfZQ4AHFWfTKSpZ+sAhhz5X1WX0ZuUqWbzB2QhSLp3DoLUG+hMdEDKqWo2Zg==",
      "dev": true,
      "requires": {
        "tslib": "^1.9.0"
      }
    },
    "sprintf-js": {
      "version": "1.0.3",
      "resolved": "https://registry.npmjs.org/sprintf-js/-/sprintf-js-1.0.3.tgz",
      "integrity": "sha1-BOaSb2YolTVPPdAVIDYzuFcpfiw="
    },
    "systemjs": {
      "version": "0.21.4",
      "resolved": "https://registry.npmjs.org/systemjs/-/systemjs-0.21.4.tgz",
      "integrity": "sha512-l1O8boHjAIY5UG74Xk4B63LK9QbFxv/FkQa//GGGWaTeQoMhTsWnFrYwPWBScSF4xQFMO/+v9QB4i633h8Oytw==",
      "dev": true
    },
    "tslib": {
      "version": "1.10.0",
      "resolved": "https://registry.npmjs.org/tslib/-/tslib-1.10.0.tgz",
      "integrity": "sha512-qOebF53frne81cf0S9B41ByenJ3/IuH8yJKngAX35CmiZySA0khhkovshKK+jGCaMnVomla7gVlIcc3EvKPbTQ==",
      "dev": true
    },
    "typescript": {
      "version": "3.6.4",
      "resolved": "https://registry.npmjs.org/typescript/-/typescript-3.6.4.tgz",
      "integrity": "sha512-unoCll1+l+YK4i4F8f22TaNVPRHcD9PA3yCuZ8g5e0qGqlVlJ/8FSateOLLSagn+Yg5+ZwuPkL8LFUc0Jcvksg==",
      "dev": true
    }
  }
}
