{
  "name": "@rxdi/ui-kit-client",
  "version": "1.0.0",
  "lockfileVersion": 1,
  "requires": true,
  "dependencies": {
    "@rxdi/forms": {
      "version": "0.7.25",
      "resolved": "https://registry.npmjs.org/@rxdi/forms/-/forms-0.7.25.tgz",
      "integrity": "sha512-4RXoYfYNRbnmDgGnettAS4R4IfJHiYTu2sjdiMUMd2p5MUoZHi0IzaHN5WZ02JDQzSzk2VE2q7AyMiTLbMV60w=="
    },
    "@rxdi/ui-kit": {
      "version": "1.0.0"
    },
    "@types/node": {
      "version": "12.7.12",
      "resolved": "https://registry.npmjs.org/@types/node/-/node-12.7.12.tgz",
      "integrity": "sha512-KPYGmfD0/b1eXurQ59fXD1GBzhSQfz6/lKBxkaHX9dKTzjXbK68Zt7yGUxUsCS1jeTy/8aL+d9JEr+S54mpkWQ==",
      "dev": true
    }
  }
}
