{
  "name": "@rxdi/ui-kit-client",
  "version": "1.0.0",
  "lockfileVersion": 1,
  "requires": true,
  "dependencies": {
    "@interactjs/actions": {
      "version": "1.6.3",
      "resolved": "https://registry.npmjs.org/@interactjs/actions/-/actions-1.6.3.tgz",
      "integrity": "sha512-1tdpTdDfw+M106MlwhQdaMaTrGV4DOoxzsjXVgVV2wdfpmfpR2gzkRdiK4ecDHJisK9KrXhO7Y+92dbuuTFiIQ=="
    },
    "@interactjs/auto-scroll": {
      "version": "1.6.3",
      "resolved": "https://registry.npmjs.org/@interactjs/auto-scroll/-/auto-scroll-1.6.3.tgz",
      "integrity": "sha512-wKqhirYmwKI8n2Fa1sMzx7biwBpKtTTXZpz7Xoi8xeAN5FNFJI+Xj2CMTYwLzDsZes8kew9SSSRT/HqoPuCXuA=="
    },
    "@interactjs/auto-start": {
      "version": "1.6.3",
      "resolved": "https://registry.npmjs.org/@interactjs/auto-start/-/auto-start-1.6.3.tgz",
      "integrity": "sha512-FbLf2aOZhiroc9vQqBOmjEpPo513kU2k8xd0FfnIo55czqPUnffeiu1BXZ+GwgE2V5Tk0c1uM3FP1ZILKE1hVg=="
    },
    "@interactjs/core": {
      "version": "1.6.3",
      "resolved": "https://registry.npmjs.org/@interactjs/core/-/core-1.6.3.tgz",
      "integrity": "sha512-R9/ciSdoaUKFold75APaDbXxz2Zah9482i5dsK+Twy/xEiJNyghDay4xFf2vG7TNBybGvuWVv1IR50PxGFJO6A=="
    },
    "@interactjs/dev-tools": {
      "version": "1.6.3",
      "resolved": "https://registry.npmjs.org/@interactjs/dev-tools/-/dev-tools-1.6.3.tgz",
      "integrity": "sha512-Rst39DOheg+fX5ujze0lkcWs2XmSyikC/LSx6wgm2rhDZ52UWD/FkJJPkPsgAf1ffUqFrwaQuHrrwR35UNRrBQ==",
      "requires": {
        "@interactjs/utils": "1.6.3"
      }
    },
    "@interactjs/inertia": {
      "version": "1.6.3",
      "resolved": "https://registry.npmjs.org/@interactjs/inertia/-/inertia-1.6.3.tgz",
      "integrity": "sha512-OIu8RFqsJXMZO6dXWKtOWbd+rFYjbnNVaAFwZMq118Vz6FYGA0uNuX93Hfxj7DHIzcEeSVzuP8q0wiGhr7i/2Q=="
    },
    "@interactjs/interact": {
      "version": "1.6.3",
      "resolved": "https://registry.npmjs.org/@interactjs/interact/-/interact-1.6.3.tgz",
      "integrity": "sha512-PDbtCjGJ9qiyfFK1CO/dt8BaioA+U5xuqLBFdSVs08Et//6EHkgZXqAz2fkEXvUaOA0Fz4Jqvmw9c1DZUUhzTg=="
    },
    "@interactjs/modifiers": {
      "version": "1.6.3",
      "resolved": "https://registry.npmjs.org/@interactjs/modifiers/-/modifiers-1.6.3.tgz",
      "integrity": "sha512-faIMw0z2NVNpLn1w1KuAnsY0lI/tEOnYWirk7axPCNVKO4/xYRqWRQVGQbB2jCtMeBeuHVv2jkKch3x2nItbCQ=="
    },
    "@interactjs/pointer-events": {
      "version": "1.6.3",
      "resolved": "https://registry.npmjs.org/@interactjs/pointer-events/-/pointer-events-1.6.3.tgz",
      "integrity": "sha512-PnMgD/+82ySC04jEVG85O0BTWKapBl9jo6jdouHwF2Q0HDfUzeWq4E5GCgkwQFwNujbKqsQ7+9A2F/apn5Hc4A=="
    },
    "@interactjs/reflow": {
      "version": "1.6.3",
      "resolved": "https://registry.npmjs.org/@interactjs/reflow/-/reflow-1.6.3.tgz",
      "integrity": "sha512-zVL37qgVeWalJhlDcXq5BG392GWowNDXAY4bkt04I0mxDbiT/424wtohRmNVE30FOKUJt8fc4V1g8tOSQoVhyQ=="
    },
    "@interactjs/types": {
      "version": "1.6.3",
      "resolved": "https://registry.npmjs.org/@interactjs/types/-/types-1.6.3.tgz",
      "integrity": "sha512-3crcLxpGI3A4e3EmDTk72BnZYugrrHU5RSqGlGNxLGSrvkkZ3boDQbIPC3dmdt9nEHRQcyxrMvwU6+fuKjirJg==",
      "requires": {
        "@interactjs/actions": "1.6.3",
        "@interactjs/auto-scroll": "1.6.3",
        "@interactjs/auto-start": "1.6.3",
        "@interactjs/core": "1.6.3",
        "@interactjs/dev-tools": "1.6.3",
        "@interactjs/inertia": "1.6.3",
        "@interactjs/interact": "1.6.3",
        "@interactjs/modifiers": "1.6.3",
        "@interactjs/pointer-events": "1.6.3",
        "@interactjs/reflow": "1.6.3",
        "@interactjs/utils": "1.6.3"
      }
    },
    "@interactjs/utils": {
      "version": "1.6.3",
      "resolved": "https://registry.npmjs.org/@interactjs/utils/-/utils-1.6.3.tgz",
      "integrity": "sha512-eBi/PaBcqwMKmFHzAisFnTyxjwlpgtTGpYLP4hZcf8ok7497d5ANENrtoWa2BzymYBwRayoHrwJPTaWapJui5g=="
    },
    "@rxdi/ui-kit": {
      "version": "1.0.0"
    },
    "@types/node": {
      "version": "12.7.12",
      "resolved": "https://registry.npmjs.org/@types/node/-/node-12.7.12.tgz",
      "integrity": "sha512-KPYGmfD0/b1eXurQ59fXD1GBzhSQfz6/lKBxkaHX9dKTzjXbK68Zt7yGUxUsCS1jeTy/8aL+d9JEr+S54mpkWQ==",
      "dev": true
    },
    "interactjs": {
      "version": "1.6.3",
      "resolved": "https://registry.npmjs.org/interactjs/-/interactjs-1.6.3.tgz",
      "integrity": "sha512-mGivT1/VtTrjrSyhA1ezNGa0njNsZgXSoTjbCcr4qTJzRnUM5Rs+CF9+zOWOlwTZ89PAoT9FlTTqODC3xo5FEA==",
      "requires": {
        "@interactjs/types": "1.6.3"
      }
    }
  }
}
