{
  "name": "@rxdi/ui-kit-client",
  "version": "1.0.0",
  "lockfileVersion": 1,
  "requires": true,
  "dependencies": {
    "@rxdi/forms": {
      "version": "0.7.38",
      "resolved": "https://registry.npmjs.org/@rxdi/forms/-/forms-0.7.38.tgz",
      "integrity": "sha512-uxkNV4Gz2YHkYdHNoguSGf2rdBT5bUVkatcF2CGCB+P+XAw+dkKJIz+hAFCtpo72QKrNZg6mMCC0ZjQbuta60Q=="
    },
    "@rxdi/ui-kit": {
      "version": "1.0.0"
    },
    "@types/node": {
      "version": "12.7.12",
      "resolved": "https://registry.npmjs.org/@types/node/-/node-12.7.12.tgz",
      "integrity": "sha512-KPYGmfD0/b1eXurQ59fXD1GBzhSQfz6/lKBxkaHX9dKTzjXbK68Zt7yGUxUsCS1jeTy/8aL+d9JEr+S54mpkWQ==",
      "dev": true
    },
    "@types/sortablejs": {
      "version": "1.10.0",
      "resolved": "https://registry.npmjs.org/@types/sortablejs/-/sortablejs-1.10.0.tgz",
      "integrity": "sha512-g2JQkdHCDIJKmXS8A2dzgn+D4X54B2SDKxtUcwX4S6LfMKBv6Dujemq7BaGU1SUp6q/U+glDU+RSA0uHC8BRVQ==",
      "dev": true
    },
    "sortablejs": {
      "version": "1.10.1",
      "resolved": "https://registry.npmjs.org/sortablejs/-/sortablejs-1.10.1.tgz",
      "integrity": "sha512-N6r7GrVmO8RW1rn0cTdvK3JR0BcqecAJ0PmYMCL3ZuqTH3pY+9QyqkmJSkkLyyDvd+AJnwaxTP22Ybr/83V9hQ=="
    }
  }
}
