# THIS IS AN AUTOGENERATED FILE. DO NOT EDIT THIS FILE DIRECTLY.
# yarn lockfile v1


"@rxdi/core@^0.7.50":
  version "0.7.82"
  resolved "https://registry.yarnpkg.com/@rxdi/core/-/core-0.7.82.tgz#a70b273a8c87d55baaac8966d764a0d358364dee"
  integrity sha512-PcN5oAVcPoq2xlCat3Mcth4gRgHGnxdsslOluoEdUoQnU1TVDJTVgH0Lk9nNnSb2NhaL6e6YYBApXTT0VoVVdA==
  dependencies:
    reflect-metadata "0.1.13"
    rxjs "^6.5.3"
    systemjs "0.21.4"

"@rxdi/forms@^0.7.82":
  version "0.7.82"
  resolved "https://registry.yarnpkg.com/@rxdi/forms/-/forms-0.7.82.tgz#6006d07399a37ca3abcb9469c0737e62d2d98f25"
  integrity sha512-PMokbUvukIMeiUwxm5FUdCc6JuTOU+HwhnRuPjyL+0X/YFmKjOcXYMl9DaYR/Y6WVsv9GdnCtWVojgx7wxKoFg==

"@rxdi/graphql-client@^0.7.50", "@rxdi/graphql-client@^0.7.82":
  version "0.7.82"
  resolved "https://registry.yarnpkg.com/@rxdi/graphql-client/-/graphql-client-0.7.82.tgz#e2ea8a1969cdded8aaddb8ed6ba9a666414eaead"
  integrity sha512-chjpEycNJco86MVuhNZHmVFFEQqqtAzLC6mE6UflROEEvW184fYJziifOILbXDHTQJ2KDN2NpmptE1ffBfmlEw==
  dependencies:
    apollo-cache-inmemory "^1.6.2"
    apollo-client "^2.6.3"
    apollo-link "^1.2.12"
    apollo-link-context "^1.0.18"
    apollo-link-http "^1.5.15"
    apollo-link-ws "^1.0.18"
    subscriptions-transport-ws "^0.9.16"

"@rxdi/lit-html@^0.7.82":
  version "0.7.82"
  resolved "https://registry.yarnpkg.com/@rxdi/lit-html/-/lit-html-0.7.82.tgz#9f68369035c2fdad90a0319daa421ba2f6023a84"
  integrity sha512-3ttTXEgQ8PzbtN7R7SHwgFtjeIoaSsySdHCwo/Bt9kLt/AtnfebGJ021g7yUSFhYAqKy8lcsWJiJJYm0AuHd0w==

"@rxdi/router@^0.7.82":
  version "0.7.82"
  resolved "https://registry.yarnpkg.com/@rxdi/router/-/router-0.7.82.tgz#60159f38cc929ab8536914c370a48c6a8e0dab09"
  integrity sha512-v/YMy/LNACi0/4lkXkRQgm1I5r+V6Lcz8jekXFDk0G76ptjPH11HswUTnMeZObaR0e/TYiGxCSeAq9SF/yEzjg==
  dependencies:
    router-slot "^1.5.4"

"@rxdi/ui-kit@^0.7.96":
  version "0.7.97"
  resolved "https://registry.yarnpkg.com/@rxdi/ui-kit/-/ui-kit-0.7.97.tgz#61664d33b192c10dee2aec384901c75145461547"
  integrity sha512-NbingnuRQBMxf5Zqz8OST27cYoPtEXkQXoQ64pOAjtXfEuYesKNvvZywptXql4r0fDkweS/uxLkTKZbL4c4BLA==
  dependencies:
    "@rxdi/core" "^0.7.50"
    "@rxdi/graphql-client" "^0.7.50"
    animejs "^3.1.0"
    graphql-tag "^2.10.1"
    js-yaml "^3.13.1"
    marked "^0.6.2"
    router-slot "^1.5.2"
    shades "^2.1.0"
    sortablejs "^1.10.1"

"@types/node@>=6":
  version "14.14.5"
  resolved "https://registry.yarnpkg.com/@types/node/-/node-14.14.5.tgz#e92d3b8f76583efa26c1a63a21c9d3c1143daa29"
  integrity sha512-H5Wn24s/ZOukBmDn03nnGTp18A60ny9AmCwnEcgJiTgSGsCO7k+NWP7zjCCbhlcnVCoI+co52dUAt9GMhOSULw==

"@types/node@^12.0.10":
  version "12.19.2"
  resolved "https://registry.yarnpkg.com/@types/node/-/node-12.19.2.tgz#9565ed5c72ba96038fc3add643edd5e7820598e7"
  integrity sha512-SRH6QM0IMOBBFmDiJ75vlhcbUEYEquvSuhsVW9ijG20JvdFTfOrB1p6ddZxz5y/JNnbf+9HoHhjhOVSX2hsJyA==

"@types/sortablejs@^1.10.0":
  version "1.10.6"
  resolved "https://registry.yarnpkg.com/@types/sortablejs/-/sortablejs-1.10.6.tgz#98725ae08f1dfe28b8da0fdf302c417f5ff043c0"
  integrity sha512-QRz8Z+uw2Y4Gwrtxw8hD782zzuxxugdcq8X/FkPsXUa1kfslhGzy13+4HugO9FXNo+jlWVcE6DYmmegniIQ30A==

"@types/zen-observable@^0.8.0":
  version "0.8.1"
  resolved "https://registry.yarnpkg.com/@types/zen-observable/-/zen-observable-0.8.1.tgz#5668c0bce55a91f2b9566b1d8a4c0a8dbbc79764"
  integrity sha512-wmk0xQI6Yy7Fs/il4EpOcflG4uonUpYGqvZARESLc2oy4u69fkatFLbJOeW4Q6awO15P4rduAe6xkwHevpXcUQ==

"@wry/context@^0.4.0":
  version "0.4.4"
  resolved "https://registry.yarnpkg.com/@wry/context/-/context-0.4.4.tgz#e50f5fa1d6cfaabf2977d1fda5ae91717f8815f8"
  integrity sha512-LrKVLove/zw6h2Md/KZyWxIkFM6AoyKp71OqpH9Hiip1csjPVoD3tPxlbQUNxEnHENks3UGgNpSBCAfq9KWuag==
  dependencies:
    "@types/node" ">=6"
    tslib "^1.9.3"

"@wry/equality@^0.1.2":
  version "0.1.11"
  resolved "https://registry.yarnpkg.com/@wry/equality/-/equality-0.1.11.tgz#35cb156e4a96695aa81a9ecc4d03787bc17f1790"
  integrity sha512-mwEVBDUVODlsQQ5dfuLUS5/Tf7jqUKyhKYHmVi4fPB6bDMOfWvUPJmKgS1Z7Za/sOI3vzWt4+O7yCiL/70MogA==
  dependencies:
    tslib "^1.9.3"

animejs@^3.1.0:
  version "3.2.1"
  resolved "https://registry.yarnpkg.com/animejs/-/animejs-3.2.1.tgz#de9fe2e792f44a777a7fdf6ae160e26604b0cdda"
  integrity sha512-sWno3ugFryK5nhiDm/2BKeFCpZv7vzerWUcUPyAZLDhMek3+S/p418ldZJbJXo5ZUOpfm2kP2XRO4NJcULMy9A==

apollo-cache-inmemory@^1.6.2:
  version "1.6.6"
  resolved "https://registry.yarnpkg.com/apollo-cache-inmemory/-/apollo-cache-inmemory-1.6.6.tgz#56d1f2a463a6b9db32e9fa990af16d2a008206fd"
  integrity sha512-L8pToTW/+Xru2FFAhkZ1OA9q4V4nuvfoPecBM34DecAugUZEBhI2Hmpgnzq2hTKZ60LAMrlqiASm0aqAY6F8/A==
  dependencies:
    apollo-cache "^1.3.5"
    apollo-utilities "^1.3.4"
    optimism "^0.10.0"
    ts-invariant "^0.4.0"
    tslib "^1.10.0"

apollo-cache@1.3.5, apollo-cache@^1.3.5:
  version "1.3.5"
  resolved "https://registry.yarnpkg.com/apollo-cache/-/apollo-cache-1.3.5.tgz#9dbebfc8dbe8fe7f97ba568a224bca2c5d81f461"
  integrity sha512-1XoDy8kJnyWY/i/+gLTEbYLnoiVtS8y7ikBr/IfmML4Qb+CM7dEEbIUOjnY716WqmZ/UpXIxTfJsY7rMcqiCXA==
  dependencies:
    apollo-utilities "^1.3.4"
    tslib "^1.10.0"

apollo-client@^2.6.3:
  version "2.6.10"
  resolved "https://registry.yarnpkg.com/apollo-client/-/apollo-client-2.6.10.tgz#86637047b51d940c8eaa771a4ce1b02df16bea6a"
  integrity sha512-jiPlMTN6/5CjZpJOkGeUV0mb4zxx33uXWdj/xQCfAMkuNAC3HN7CvYDyMHHEzmcQ5GV12LszWoQ/VlxET24CtA==
  dependencies:
    "@types/zen-observable" "^0.8.0"
    apollo-cache "1.3.5"
    apollo-link "^1.0.0"
    apollo-utilities "1.3.4"
    symbol-observable "^1.0.2"
    ts-invariant "^0.4.0"
    tslib "^1.10.0"
    zen-observable "^0.8.0"

apollo-link-context@^1.0.18:
  version "1.0.20"
  resolved "https://registry.yarnpkg.com/apollo-link-context/-/apollo-link-context-1.0.20.tgz#1939ac5dc65d6dff0c855ee53521150053c24676"
  integrity sha512-MLLPYvhzNb8AglNsk2NcL9AvhO/Vc9hn2ZZuegbhRHGet3oGr0YH9s30NS9+ieoM0sGT11p7oZ6oAILM/kiRBA==
  dependencies:
    apollo-link "^1.2.14"
    tslib "^1.9.3"

apollo-link-http-common@^0.2.16:
  version "0.2.16"
  resolved "https://registry.yarnpkg.com/apollo-link-http-common/-/apollo-link-http-common-0.2.16.tgz#756749dafc732792c8ca0923f9a40564b7c59ecc"
  integrity sha512-2tIhOIrnaF4UbQHf7kjeQA/EmSorB7+HyJIIrUjJOKBgnXwuexi8aMecRlqTIDWcyVXCeqLhUnztMa6bOH/jTg==
  dependencies:
    apollo-link "^1.2.14"
    ts-invariant "^0.4.0"
    tslib "^1.9.3"

apollo-link-http@^1.5.15:
  version "1.5.17"
  resolved "https://registry.yarnpkg.com/apollo-link-http/-/apollo-link-http-1.5.17.tgz#499e9f1711bf694497f02c51af12d82de5d8d8ba"
  integrity sha512-uWcqAotbwDEU/9+Dm9e1/clO7hTB2kQ/94JYcGouBVLjoKmTeJTUPQKcJGpPwUjZcSqgYicbFqQSoJIW0yrFvg==
  dependencies:
    apollo-link "^1.2.14"
    apollo-link-http-common "^0.2.16"
    tslib "^1.9.3"

apollo-link-ws@^1.0.18:
  version "1.0.20"
  resolved "https://registry.yarnpkg.com/apollo-link-ws/-/apollo-link-ws-1.0.20.tgz#dfad44121f8445c6d7b7f8101a1b24813ba008ed"
  integrity sha512-mjSFPlQxmoLArpHBeUb2Xj+2HDYeTaJqFGOqQ+I8NVJxgL9lJe84PDWcPah/yMLv3rB7QgBDSuZ0xoRFBPlySw==
  dependencies:
    apollo-link "^1.2.14"
    tslib "^1.9.3"

apollo-link@^1.0.0, apollo-link@^1.2.12, apollo-link@^1.2.14:
  version "1.2.14"
  resolved "https://registry.yarnpkg.com/apollo-link/-/apollo-link-1.2.14.tgz#3feda4b47f9ebba7f4160bef8b977ba725b684d9"
  integrity sha512-p67CMEFP7kOG1JZ0ZkYZwRDa369w5PIjtMjvrQd/HnIV8FRsHRqLqK+oAZQnFa1DDdZtOtHTi+aMIW6EatC2jg==
  dependencies:
    apollo-utilities "^1.3.0"
    ts-invariant "^0.4.0"
    tslib "^1.9.3"
    zen-observable-ts "^0.8.21"

apollo-utilities@1.3.4, apollo-utilities@^1.3.0, apollo-utilities@^1.3.4:
  version "1.3.4"
  resolved "https://registry.yarnpkg.com/apollo-utilities/-/apollo-utilities-1.3.4.tgz#6129e438e8be201b6c55b0f13ce49d2c7175c9cf"
  integrity sha512-pk2hiWrCXMAy2fRPwEyhvka+mqwzeP60Jr1tRYi5xru+3ko94HI9o6lK0CT33/w4RDlxWchmdhDCrvdr+pHCig==
  dependencies:
    "@wry/equality" "^0.1.2"
    fast-json-stable-stringify "^2.0.0"
    ts-invariant "^0.4.0"
    tslib "^1.10.0"

argparse@^1.0.7:
  version "1.0.10"
  resolved "https://registry.yarnpkg.com/argparse/-/argparse-1.0.10.tgz#bcd6791ea5ae09725e17e5ad988134cd40b3d911"
  integrity sha512-o5Roy6tNG4SL/FOkCAN6RzjiakZS25RLYFrcMttJqbdd8BWrnA+fGz57iN5Pb06pvBGvl5gQ0B48dJlslXvoTg==
  dependencies:
    sprintf-js "~1.0.2"

async-limiter@~1.0.0:
  version "1.0.1"
  resolved "https://registry.yarnpkg.com/async-limiter/-/async-limiter-1.0.1.tgz#dd379e94f0db8310b08291f9d64c3209766617fd"
  integrity sha512-csOlWGAcRFJaI6m+F2WKdnMKr4HhdhFVBk0H/QbJFMCr+uO2kwohwXQPxw/9OCxp05r5ghVBFSyioixx3gfkNQ==

backo2@^1.0.2:
  version "1.0.2"
  resolved "https://registry.yarnpkg.com/backo2/-/backo2-1.0.2.tgz#31ab1ac8b129363463e35b3ebb69f4dfcfba7947"
  integrity sha1-MasayLEpNjRj41s+u2n038+6eUc=

esprima@^4.0.0:
  version "4.0.1"
  resolved "https://registry.yarnpkg.com/esprima/-/esprima-4.0.1.tgz#13b04cdb3e6c5d19df91ab6987a8695619b0aa71"
  integrity sha512-eGuFFw7Upda+g4p+QHvnW0RyTX/SVeJBDM/gCtMARO0cLuT2HcEKnTPvhjV6aGeqrCB/sbNop0Kszm0jsaWU4A==

eventemitter3@^3.1.0:
  version "3.1.2"
  resolved "https://registry.yarnpkg.com/eventemitter3/-/eventemitter3-3.1.2.tgz#2d3d48f9c346698fce83a85d7d664e98535df6e7"
  integrity sha512-tvtQIeLVHjDkJYnzf2dgVMxfuSGJeM/7UCG17TT4EumTfNtF+0nebF/4zWOIkCreAbtNqhGEboB6BWrwqNaw4Q==

fast-json-stable-stringify@^2.0.0:
  version "2.1.0"
  resolved "https://registry.yarnpkg.com/fast-json-stable-stringify/-/fast-json-stable-stringify-2.1.0.tgz#874bf69c6f404c2b5d99c481341399fd55892633"
  integrity sha512-lhd/wF+Lk98HZoTCtlVraHtfh5XYijIjalXck7saUtuanSDyLMxnHhSXEDJqHxD7msR8D0uCmqlkwjCV8xvwHw==

graphql-tag@^2.10.1:
  version "2.11.0"
  resolved "https://registry.yarnpkg.com/graphql-tag/-/graphql-tag-2.11.0.tgz#1deb53a01c46a7eb401d6cb59dec86fa1cccbffd"
  integrity sha512-VmsD5pJqWJnQZMUeRwrDhfgoyqcfwEkvtpANqcoUG8/tOLkwNgU9mzub/Mc78OJMhHjx7gfAMTxzdG43VGg3bA==

graphql@^14.5.8:
  version "14.7.0"
  resolved "https://registry.yarnpkg.com/graphql/-/graphql-14.7.0.tgz#7fa79a80a69be4a31c27dda824dc04dac2035a72"
  integrity sha512-l0xWZpoPKpppFzMfvVyFmp9vLN7w/ZZJPefUicMCepfJeQ8sMcztloGYY9DfjVPo6tIUDzU5Hw3MUbIjj9AVVA==
  dependencies:
    iterall "^1.2.2"

iterall@^1.2.1, iterall@^1.2.2:
  version "1.3.0"
  resolved "https://registry.yarnpkg.com/iterall/-/iterall-1.3.0.tgz#afcb08492e2915cbd8a0884eb93a8c94d0d72fea"
  integrity sha512-QZ9qOMdF+QLHxy1QIpUHUU1D5pS2CG2P69LF6L6CPjPYA/XMOmKV3PZpawHoAjHNyB0swdVTRxdYT4tbBbxqwg==

js-yaml@^3.13.1:
  version "3.13.1"
  resolved "https://registry.yarnpkg.com/js-yaml/-/js-yaml-3.13.1.tgz#aff151b30bfdfa8e49e05da22e7415e9dfa37847"
  integrity sha512-YfbcO7jXDdyj0DGxYVSlSeQNHbD7XPWvrVWeVUujrQEoZzWJIRrCPoyk6kL6IAjAG2IolMK4T0hNUe0HOUs5Jw==
  dependencies:
    argparse "^1.0.7"
    esprima "^4.0.0"

marked@^0.6.2:
  version "0.6.3"
  resolved "https://registry.yarnpkg.com/marked/-/marked-0.6.3.tgz#79babad78af638ba4d522a9e715cdfdd2429e946"
  integrity sha512-Fqa7eq+UaxfMriqzYLayfqAE40WN03jf+zHjT18/uXNuzjq3TY0XTbrAoPeqSJrAmPz11VuUA+kBPYOhHt9oOQ==

optimism@^0.10.0:
  version "0.10.3"
  resolved "https://registry.yarnpkg.com/optimism/-/optimism-0.10.3.tgz#163268fdc741dea2fb50f300bedda80356445fd7"
  integrity sha512-9A5pqGoQk49H6Vhjb9kPgAeeECfUDF6aIICbMDL23kDLStBn1MWk3YvcZ4xWF9CsSf6XEgvRLkXy4xof/56vVw==
  dependencies:
    "@wry/context" "^0.4.0"

reflect-metadata@0.1.13:
  version "0.1.13"
  resolved "https://registry.yarnpkg.com/reflect-metadata/-/reflect-metadata-0.1.13.tgz#67ae3ca57c972a2aa1642b10fe363fe32d49dc08"
  integrity sha512-Ts1Y/anZELhSsjMcU605fU9RE4Oi3p5ORujwbIKXfWa+0Zxs510Qrmrce5/Jowq3cHSZSJqBjypxmHarc+vEWg==

router-slot@^1.5.2, router-slot@^1.5.4:
  version "1.5.4"
  resolved "https://registry.yarnpkg.com/router-slot/-/router-slot-1.5.4.tgz#2262a1eaf49962e3f922f84ae4692abe0b25a59c"
  integrity sha512-tHqDp0ZZ/KF+j3+OlPbxHoYRkMrHQrxU8D0kUoUhZEevj+j/sMV2pXmZ2jL4oND2o6PyTsCYz1VRqZr7mBfaTg==

rxjs@^6.5.3:
  version "6.6.3"
  resolved "https://registry.yarnpkg.com/rxjs/-/rxjs-6.6.3.tgz#8ca84635c4daa900c0d3967a6ee7ac60271ee552"
  integrity sha512-trsQc+xYYXZ3urjOiJOuCOa5N3jAZ3eiSpQB5hIT8zGlL2QfnHLJ2r7GMkBGuIausdJN1OneaI6gQlsqNHHmZQ==
  dependencies:
    tslib "^1.9.0"

shades@^2.1.0:
  version "2.1.0"
  resolved "https://registry.yarnpkg.com/shades/-/shades-2.1.0.tgz#5cefc51f6294769e3413d4e4050c9d4e7b00b245"
  integrity sha512-6D+4+lPBjc95ptStD9PzOfrEc2d7zwxWVn2SFEbYaI4EXB5+tcChhyGwOEvbEjGb+d1QS44AcYcSYgWNz5grzg==

sortablejs@^1.10.1:
  version "1.12.0"
  resolved "https://registry.yarnpkg.com/sortablejs/-/sortablejs-1.12.0.tgz#ee6d7ece3598c2af0feb1559d98595e5ea37cbd6"
  integrity sha512-bPn57rCjBRlt2sC24RBsu40wZsmLkSo2XeqG8k6DC1zru5eObQUIPPZAQG7W2SJ8FZQYq+BEJmvuw1Zxb3chqg==

sprintf-js@~1.0.2:
  version "1.0.3"
  resolved "https://registry.yarnpkg.com/sprintf-js/-/sprintf-js-1.0.3.tgz#04e6926f662895354f3dd015203633b857297e2c"
  integrity sha1-BOaSb2YolTVPPdAVIDYzuFcpfiw=

subscriptions-transport-ws@^0.9.16:
  version "0.9.18"
  resolved "https://registry.yarnpkg.com/subscriptions-transport-ws/-/subscriptions-transport-ws-0.9.18.tgz#bcf02320c911fbadb054f7f928e51c6041a37b97"
  integrity sha512-tztzcBTNoEbuErsVQpTN2xUNN/efAZXyCyL5m3x4t6SKrEiTL2N8SaKWBFWM4u56pL79ULif3zjyeq+oV+nOaA==
  dependencies:
    backo2 "^1.0.2"
    eventemitter3 "^3.1.0"
    iterall "^1.2.1"
    symbol-observable "^1.0.4"
    ws "^5.2.0"

symbol-observable@^1.0.2, symbol-observable@^1.0.4:
  version "1.2.0"
  resolved "https://registry.yarnpkg.com/symbol-observable/-/symbol-observable-1.2.0.tgz#c22688aed4eab3cdc2dfeacbb561660560a00804"
  integrity sha512-e900nM8RRtGhlV36KGEU9k65K3mPb1WV70OdjfxlG2EAuM1noi/E/BaW/uMhL7bPEssK8QV57vN3esixjUvcXQ==

systemjs@0.21.4:
  version "0.21.4"
  resolved "https://registry.yarnpkg.com/systemjs/-/systemjs-0.21.4.tgz#043996efcac3fefcb7d62e8c40457a42e9c86e1e"
  integrity sha512-l1O8boHjAIY5UG74Xk4B63LK9QbFxv/FkQa//GGGWaTeQoMhTsWnFrYwPWBScSF4xQFMO/+v9QB4i633h8Oytw==

ts-invariant@^0.4.0:
  version "0.4.4"
  resolved "https://registry.yarnpkg.com/ts-invariant/-/ts-invariant-0.4.4.tgz#97a523518688f93aafad01b0e80eb803eb2abd86"
  integrity sha512-uEtWkFM/sdZvRNNDL3Ehu4WVpwaulhwQszV8mrtcdeE8nN00BV9mAmQ88RkrBhFgl9gMgvjJLAQcZbnPXI9mlA==
  dependencies:
    tslib "^1.9.3"

tslib@^1.10.0, tslib@^1.9.0, tslib@^1.9.3:
  version "1.14.1"
  resolved "https://registry.yarnpkg.com/tslib/-/tslib-1.14.1.tgz#cf2d38bdc34a134bcaf1091c41f6619e2f672d00"
  integrity sha512-Xni35NKzjgMrwevysHTCArtLDpPvye8zV/0E4EyYn43P7/7qvQwPh9BGkHewbMulVntbigmcT7rdX3BNo9wRJg==

typescript@^4.0.5:
  version "4.0.5"
  resolved "https://registry.yarnpkg.com/typescript/-/typescript-4.0.5.tgz#ae9dddfd1069f1cb5beb3ef3b2170dd7c1332389"
  integrity sha512-ywmr/VrTVCmNTJ6iV2LwIrfG1P+lv6luD8sUJs+2eI9NLGigaN+nUQc13iHqisq7bra9lnmUSYqbJvegraBOPQ==

ws@^5.2.0:
  version "5.2.2"
  resolved "https://registry.yarnpkg.com/ws/-/ws-5.2.2.tgz#dffef14866b8e8dc9133582514d1befaf96e980f"
  integrity sha512-jaHFD6PFv6UgoIVda6qZllptQsMlDEJkTQcybzzXDYM1XO9Y8em691FGMPmM46WGyLU4z9KMgQN+qrux/nhlHA==
  dependencies:
    async-limiter "~1.0.0"

zen-observable-ts@^0.8.21:
  version "0.8.21"
  resolved "https://registry.yarnpkg.com/zen-observable-ts/-/zen-observable-ts-0.8.21.tgz#85d0031fbbde1eba3cd07d3ba90da241215f421d"
  integrity sha512-Yj3yXweRc8LdRMrCC8nIc4kkjWecPAUVh0TI0OUrWXx6aX790vLcDlWca6I4vsyCGH3LpWxq0dJRcMOFoVqmeg==
  dependencies:
    tslib "^1.9.3"
    zen-observable "^0.8.0"

zen-observable@^0.8.0:
  version "0.8.15"
  resolved "https://registry.yarnpkg.com/zen-observable/-/zen-observable-0.8.15.tgz#96415c512d8e3ffd920afd3889604e30b9eaac15"
  integrity sha512-PQ2PC7R9rslx84ndNBZB/Dkv8V8fZEpk83RLgXtYd0fwUgEjseMn1Dgajh2x6S8QbZAFa9p2qVCEuYZNgve0dQ==
